
Microsoft Visual Studio Solution File, Format Version 12.00
# Visual Studio Version 17
VisualStudioVersion = 17.7.34221.43
MinimumVisualStudioVersion = 10.0.40219.1
Project("{FAE04EC0-301F-11D3-BF4B-00C04F79EFBC}") = "ShopBanHang", "ShopBanHang\ShopBanHang.csproj", "{9C87141E-5477-40A8-81FB-CC18DF60C35F}"
EndProject
Global
	GlobalSection(SolutionConfigurationPlatforms) = preSolution
		Debug|Any CPU = Debug|Any CPU
		Release|Any CPU = Release|Any CPU
	EndGlobalSection
	GlobalSection(ProjectConfigurationPlatforms) = postSolution
		{9C87141E-5477-40A8-81FB-CC18DF60C35F}.Debug|Any CPU.ActiveCfg = Debug|Any CPU
		{9C87141E-5477-40A8-81FB-CC18DF60C35F}.Debug|Any CPU.Build.0 = Debug|Any CPU
		{9C87141E-5477-40A8-81FB-CC18DF60C35F}.Release|Any CPU.ActiveCfg = Release|Any CPU
		{9C87141E-5477-40A8-81FB-CC18DF60C35F}.Release|Any CPU.Build.0 = Release|Any CPU
	EndGlobalSection
	GlobalSection(SolutionProperties) = preSolution
		HideSolutionNode = FALSE
	EndGlobalSection
	GlobalSection(ExtensibilityGlobals) = postSolution
		SolutionGuid = {629B4170-EA90-44DF-9E22-7213CD7B3111}
	EndGlobalSection
EndGlobal
